
Microsoft Visual Studio Solution File, Format Version 12.00
# Visual Studio 14
VisualStudioVersion = 14.0.24720.0
MinimumVisualStudioVersion = 10.0.40219.1
Project("{FAE04EC0-301F-11D3-BF4B-00C04F79EFBC}") = "4chan Thread Saver", "4chan Thread Saver.csproj", "{2FE5EE59-2062-4F3B-9157-3E2784F0D46D}"
EndProject
Global
	GlobalSection(SolutionConfigurationPlatforms) = preSolution
		Debug|Any CPU = Debug|Any CPU
		Release|Any CPU = Release|Any CPU
	EndGlobalSection
	GlobalSection(ProjectConfigurationPlatforms) = postSolution
		{2FE5EE59-2062-4F3B-9157-3E2784F0D46D}.Debug|Any CPU.ActiveCfg = Debug|Any CPU
		{2FE5EE59-2062-4F3B-9157-3E2784F0D46D}.Debug|Any CPU.Build.0 = Debug|Any CPU
		{2FE5EE59-2062-4F3B-9157-3E2784F0D46D}.Release|Any CPU.ActiveCfg = Release|Any CPU
		{2FE5EE59-2062-4F3B-9157-3E2784F0D46D}.Release|Any CPU.Build.0 = Release|Any CPU
	EndGlobalSection
	GlobalSection(SolutionProperties) = preSolution
		HideSolutionNode = FALSE
	EndGlobalSection
EndGlobal
